
Microsoft Visual Studio Solution File, Format Version 12.00
# Visual Studio Version 16
VisualStudioVersion = 16.0.30104.148
MinimumVisualStudioVersion = 10.0.40219.1
Project("{FAE04EC0-301F-11D3-BF4B-00C04F79EFBC}") = "HandBookComponent", "HandBookComponent.csproj", "{7A278DED-D6D1-4524-92C4-C160F73BCC58}"
EndProject
Global
	GlobalSection(SolutionConfigurationPlatforms) = preSolution
		Debug|Any CPU = Debug|Any CPU
		Release|Any CPU = Release|Any CPU
	EndGlobalSection
	GlobalSection(ProjectConfigurationPlatforms) = postSolution
		{7A278DED-D6D1-4524-92C4-C160F73BCC58}.Debug|Any CPU.ActiveCfg = Debug|Any CPU
		{7A278DED-D6D1-4524-92C4-C160F73BCC58}.Debug|Any CPU.Build.0 = Debug|Any CPU
		{7A278DED-D6D1-4524-92C4-C160F73BCC58}.Release|Any CPU.ActiveCfg = Release|Any CPU
		{7A278DED-D6D1-4524-92C4-C160F73BCC58}.Release|Any CPU.Build.0 = Release|Any CPU
	EndGlobalSection
	GlobalSection(SolutionProperties) = preSolution
		HideSolutionNode = FALSE
	EndGlobalSection
	GlobalSection(ExtensibilityGlobals) = postSolution
		SolutionGuid = {30645560-EA58-4861-ABC5-67272DC26DA5}
	EndGlobalSection
EndGlobal
